{
  "version": 4,
  "terraform_version": "1.0.4",
  "serial": 304,
  "lineage": "94aa1093-dd2f-c94c-eeaa-b381f7547633",
  "outputs": {},
  "resources": [
    {
      "mode": "data",
      "type": "template_file",
      "name": "additional_disk",
      "provider": "provider[\"registry.terraform.io/hashicorp/template\"]",
      "instances": [
        {
          "schema_version": 0,
          "attributes": {
            "filename": null,
            "id": "da8e433c6a786db530fd9e97a35935fe7bbd155ba8de28b937a48ea5acce9eae",
            "rendered": "#!/bin/bash\n\n# The disk name is coming from Terraform variables\nDISK_NAME=data-disk\n\n# The mount point for the disk\nMOUNT_POINT=/mnt/$DISK_NAME\n\n# Google provides a symlink to persistent disk as '/dev/disk/by-id/google-\u003cdisk_name\u003e'\nDEVICE_NAME=\"/dev/$(basename $(readlink /dev/disk/by-id/google-$DISK_NAME))\"\n\n# Check if the disk already has the filesystem and mounted\n# This block will try to mount the disk to the given mount point in case if it has a filesystem configured but it's not mounted to mount point.\nif df -aT | grep -q \"$DEVICE_NAME\"; then\n    echo \"The disk already has filesystem configured, checking the mount point\"\n    if df -aT | grep \"$DEVICE_NAME\" | awk '{print $(NF)}' | grep -q \"$MOUNT_POINT\"; then\n        echo \"The disk $DEVICE_NAME already mounted to $MOUNT_POINT, exiting\"\n        exit 0\n    else\n        echo \"Looks like the mount point $MOUNT_POINT is not mounted. Trying to mount the disk $DEVICE_NAME to $MOUNT_POINT...\"\n        if [ ! -d \"$MOUNT_POINT\" ]; then\n            sudo mkdir -p $MOUNT_POINT\n        fi\n        sudo mount -o discard,defaults $DEVICE_NAME $MOUNT_POINT\n        if [[ $? -eq 0 ]]; then\n            echo \"Succesfully mounted the disk $DEVICE_NAME to mount point $MOUNT_POINT\"\n            exit 0\n        else\n            echo \"Failed to mount the disk $DEVICE_NAME to mount point $MOUNT_POINT\"\n            exit 1\n        fi\n    fi\nelse\n    # Create a filesystem on the disk and mount it if it doesn't have a filesystem configured.\n    sudo mkfs.ext4 -m 0 -F -E lazy_itable_init=0,lazy_journal_init=0,discard $DEVICE_NAME\n    sudo mkdir -p $MOUNT_POINT\n    sudo mount -o discard,defaults $DEVICE_NAME $MOUNT_POINT\n\n    # Add fstab entry\n    echo UUID=$(sudo blkid -s UUID -o value $DEVICE_NAME) $MOUNT_POINT ext4 discard,defaults,nofail 0 2 | sudo tee -a /etc/fstab\nfi\n",
            "template": "#!/bin/bash\n\n# The disk name is coming from Terraform variables\nDISK_NAME=${disk_name}\n\n# The mount point for the disk\nMOUNT_POINT=/mnt/$DISK_NAME\n\n# Google provides a symlink to persistent disk as '/dev/disk/by-id/google-\u003cdisk_name\u003e'\nDEVICE_NAME=\"/dev/$(basename $(readlink /dev/disk/by-id/google-$DISK_NAME))\"\n\n# Check if the disk already has the filesystem and mounted\n# This block will try to mount the disk to the given mount point in case if it has a filesystem configured but it's not mounted to mount point.\nif df -aT | grep -q \"$DEVICE_NAME\"; then\n    echo \"The disk already has filesystem configured, checking the mount point\"\n    if df -aT | grep \"$DEVICE_NAME\" | awk '{print $(NF)}' | grep -q \"$MOUNT_POINT\"; then\n        echo \"The disk $DEVICE_NAME already mounted to $MOUNT_POINT, exiting\"\n        exit 0\n    else\n        echo \"Looks like the mount point $MOUNT_POINT is not mounted. Trying to mount the disk $DEVICE_NAME to $MOUNT_POINT...\"\n        if [ ! -d \"$MOUNT_POINT\" ]; then\n            sudo mkdir -p $MOUNT_POINT\n        fi\n        sudo mount -o discard,defaults $DEVICE_NAME $MOUNT_POINT\n        if [[ $? -eq 0 ]]; then\n            echo \"Succesfully mounted the disk $DEVICE_NAME to mount point $MOUNT_POINT\"\n            exit 0\n        else\n            echo \"Failed to mount the disk $DEVICE_NAME to mount point $MOUNT_POINT\"\n            exit 1\n        fi\n    fi\nelse\n    # Create a filesystem on the disk and mount it if it doesn't have a filesystem configured.\n    sudo mkfs.ext4 -m 0 -F -E lazy_itable_init=0,lazy_journal_init=0,discard $DEVICE_NAME\n    sudo mkdir -p $MOUNT_POINT\n    sudo mount -o discard,defaults $DEVICE_NAME $MOUNT_POINT\n\n    # Add fstab entry\n    echo UUID=$(sudo blkid -s UUID -o value $DEVICE_NAME) $MOUNT_POINT ext4 discard,defaults,nofail 0 2 | sudo tee -a /etc/fstab\nfi\n",
            "vars": {
              "disk_name": "data-disk"
            }
          },
          "sensitive_attributes": []
        }
      ]
    },
    {
      "mode": "managed",
      "type": "google_compute_address",
      "name": "master",
      "provider": "provider[\"registry.terraform.io/hashicorp/google\"]",
      "instances": [
        {
          "schema_version": 0,
          "attributes": {
            "address": "172.16.0.10",
            "address_type": "INTERNAL",
            "creation_timestamp": "2021-08-13T01:26:30.139-07:00",
            "description": "",
            "id": "projects/invertible-tree-322409/regions/us-central1/addresses/master-internal-ip",
            "name": "master-internal-ip",
            "network": "",
            "network_tier": "PREMIUM",
            "prefix_length": 0,
            "project": "invertible-tree-322409",
            "purpose": "GCE_ENDPOINT",
            "region": "us-central1",
            "self_link": "https://www.googleapis.com/compute/v1/projects/invertible-tree-322409/regions/us-central1/addresses/master-internal-ip",
            "subnetwork": "https://www.googleapis.com/compute/v1/projects/invertible-tree-322409/regions/us-central1/subnetworks/invertible-tree-322409-ansible-network",
            "timeouts": null,
            "users": []
          },
          "sensitive_attributes": [],
          "private": "eyJlMmJmYjczMC1lY2FhLTExZTYtOGY4OC0zNDM2M2JjN2M0YzAiOnsiY3JlYXRlIjoyNDAwMDAwMDAwMDAsImRlbGV0ZSI6MjQwMDAwMDAwMDAwfX0=",
          "dependencies": [
            "google_compute_network.vpc_network",
            "google_compute_subnetwork.ansible_network"
          ]
        }
      ]
    },
    {
      "mode": "managed",
      "type": "google_compute_address",
      "name": "static",
      "provider": "provider[\"registry.terraform.io/hashicorp/google\"]",
      "instances": [
        {
          "schema_version": 0,
          "attributes": {
            "address": "34.70.120.229",
            "address_type": "EXTERNAL",
            "creation_timestamp": "2021-08-13T01:25:45.724-07:00",
            "description": "",
            "id": "projects/invertible-tree-322409/regions/us-central1/addresses/entrypoint-ipv4-external-static",
            "name": "entrypoint-ipv4-external-static",
            "network": "",
            "network_tier": "PREMIUM",
            "prefix_length": 0,
            "project": "invertible-tree-322409",
            "purpose": "",
            "region": "us-central1",
            "self_link": "https://www.googleapis.com/compute/v1/projects/invertible-tree-322409/regions/us-central1/addresses/entrypoint-ipv4-external-static",
            "subnetwork": "",
            "timeouts": null,
            "users": []
          },
          "sensitive_attributes": [],
          "private": "eyJlMmJmYjczMC1lY2FhLTExZTYtOGY4OC0zNDM2M2JjN2M0YzAiOnsiY3JlYXRlIjoyNDAwMDAwMDAwMDAsImRlbGV0ZSI6MjQwMDAwMDAwMDAwfX0="
        }
      ]
    },
    {
      "mode": "managed",
      "type": "google_compute_disk",
      "name": "worker",
      "provider": "provider[\"registry.terraform.io/hashicorp/google\"]",
      "instances": [
        {
          "index_key": 0,
          "schema_version": 0,
          "attributes": {
            "creation_timestamp": "2021-08-13T01:25:45.687-07:00",
            "description": "",
            "disk_encryption_key": [],
            "id": "projects/invertible-tree-322409/zones/us-central1-c/disks/worker1-attached-disk",
            "image": "",
            "label_fingerprint": "42WmSpB8rSM=",
            "labels": null,
            "last_attach_timestamp": "",
            "last_detach_timestamp": "",
            "name": "worker1-attached-disk",
            "physical_block_size_bytes": 4096,
            "project": "invertible-tree-322409",
            "provisioned_iops": 0,
            "self_link": "https://www.googleapis.com/compute/v1/projects/invertible-tree-322409/zones/us-central1-c/disks/worker1-attached-disk",
            "size": 10,
            "snapshot": "",
            "source_image_encryption_key": [],
            "source_image_id": "",
            "source_snapshot_encryption_key": [],
            "source_snapshot_id": "",
            "timeouts": null,
            "type": "pd-ssd",
            "users": [],
            "zone": "us-central1-c"
          },
          "sensitive_attributes": [],
          "private": "eyJlMmJmYjczMC1lY2FhLTExZTYtOGY4OC0zNDM2M2JjN2M0YzAiOnsiY3JlYXRlIjozMDAwMDAwMDAwMDAsImRlbGV0ZSI6MjQwMDAwMDAwMDAwLCJ1cGRhdGUiOjI0MDAwMDAwMDAwMH19"
        },
        {
          "index_key": 1,
          "schema_version": 0,
          "attributes": {
            "creation_timestamp": "2021-08-13T01:25:45.687-07:00",
            "description": "",
            "disk_encryption_key": [],
            "id": "projects/invertible-tree-322409/zones/us-central1-c/disks/worker2-attached-disk",
            "image": "",
            "label_fingerprint": "42WmSpB8rSM=",
            "labels": null,
            "last_attach_timestamp": "",
            "last_detach_timestamp": "",
            "name": "worker2-attached-disk",
            "physical_block_size_bytes": 4096,
            "project": "invertible-tree-322409",
            "provisioned_iops": 0,
            "self_link": "https://www.googleapis.com/compute/v1/projects/invertible-tree-322409/zones/us-central1-c/disks/worker2-attached-disk",
            "size": 10,
            "snapshot": "",
            "source_image_encryption_key": [],
            "source_image_id": "",
            "source_snapshot_encryption_key": [],
            "source_snapshot_id": "",
            "timeouts": null,
            "type": "pd-ssd",
            "users": [],
            "zone": "us-central1-c"
          },
          "sensitive_attributes": [],
          "private": "eyJlMmJmYjczMC1lY2FhLTExZTYtOGY4OC0zNDM2M2JjN2M0YzAiOnsiY3JlYXRlIjozMDAwMDAwMDAwMDAsImRlbGV0ZSI6MjQwMDAwMDAwMDAwLCJ1cGRhdGUiOjI0MDAwMDAwMDAwMH19"
        },
        {
          "index_key": 2,
          "schema_version": 0,
          "attributes": {
            "creation_timestamp": "2021-08-13T01:25:45.683-07:00",
            "description": "",
            "disk_encryption_key": [],
            "id": "projects/invertible-tree-322409/zones/us-central1-c/disks/worker3-attached-disk",
            "image": "",
            "label_fingerprint": "42WmSpB8rSM=",
            "labels": null,
            "last_attach_timestamp": "",
            "last_detach_timestamp": "",
            "name": "worker3-attached-disk",
            "physical_block_size_bytes": 4096,
            "project": "invertible-tree-322409",
            "provisioned_iops": 0,
            "self_link": "https://www.googleapis.com/compute/v1/projects/invertible-tree-322409/zones/us-central1-c/disks/worker3-attached-disk",
            "size": 10,
            "snapshot": "",
            "source_image_encryption_key": [],
            "source_image_id": "",
            "source_snapshot_encryption_key": [],
            "source_snapshot_id": "",
            "timeouts": null,
            "type": "pd-ssd",
            "users": [],
            "zone": "us-central1-c"
          },
          "sensitive_attributes": [],
          "private": "eyJlMmJmYjczMC1lY2FhLTExZTYtOGY4OC0zNDM2M2JjN2M0YzAiOnsiY3JlYXRlIjozMDAwMDAwMDAwMDAsImRlbGV0ZSI6MjQwMDAwMDAwMDAwLCJ1cGRhdGUiOjI0MDAwMDAwMDAwMH19"
        }
      ]
    },
    {
      "mode": "managed",
      "type": "google_compute_firewall",
      "name": "allow_all_internal",
      "provider": "provider[\"registry.terraform.io/hashicorp/google\"]",
      "instances": [
        {
          "schema_version": 1,
          "attributes": {
            "allow": [
              {
                "ports": [],
                "protocol": "all"
              }
            ],
            "creation_timestamp": "2021-08-13T01:26:07.650-07:00",
            "deny": [],
            "description": "Allow all internal",
            "destination_ranges": [],
            "direction": "INGRESS",
            "disabled": false,
            "enable_logging": null,
            "id": "projects/invertible-tree-322409/global/firewalls/allow-all-internal",
            "log_config": [],
            "name": "allow-all-internal",
            "network": "https://www.googleapis.com/compute/v1/projects/invertible-tree-322409/global/networks/invertible-tree-322409-vpc-network",
            "priority": 1000,
            "project": "invertible-tree-322409",
            "self_link": "https://www.googleapis.com/compute/v1/projects/invertible-tree-322409/global/firewalls/allow-all-internal",
            "source_ranges": [
              "172.16.0.0/28"
            ],
            "source_service_accounts": null,
            "source_tags": null,
            "target_service_accounts": null,
            "target_tags": null,
            "timeouts": null
          },
          "sensitive_attributes": [],
          "private": "eyJlMmJmYjczMC1lY2FhLTExZTYtOGY4OC0zNDM2M2JjN2M0YzAiOnsiY3JlYXRlIjoyNDAwMDAwMDAwMDAsImRlbGV0ZSI6MjQwMDAwMDAwMDAwLCJ1cGRhdGUiOjI0MDAwMDAwMDAwMH0sInNjaGVtYV92ZXJzaW9uIjoiMSJ9",
          "dependencies": [
            "google_compute_network.vpc_network"
          ]
        }
      ]
    },
    {
      "mode": "managed",
      "type": "google_compute_firewall",
      "name": "allow_ping_entrypoint",
      "provider": "provider[\"registry.terraform.io/hashicorp/google\"]",
      "instances": [
        {
          "schema_version": 1,
          "attributes": {
            "allow": [
              {
                "ports": [],
                "protocol": "icmp"
              }
            ],
            "creation_timestamp": "2021-08-13T01:26:07.789-07:00",
            "deny": [],
            "description": "Allow ping entrypoint from anywhere",
            "destination_ranges": [],
            "direction": "INGRESS",
            "disabled": false,
            "enable_logging": null,
            "id": "projects/invertible-tree-322409/global/firewalls/allow-ping-entrypoint",
            "log_config": [],
            "name": "allow-ping-entrypoint",
            "network": "https://www.googleapis.com/compute/v1/projects/invertible-tree-322409/global/networks/invertible-tree-322409-vpc-network",
            "priority": 1001,
            "project": "invertible-tree-322409",
            "self_link": "https://www.googleapis.com/compute/v1/projects/invertible-tree-322409/global/firewalls/allow-ping-entrypoint",
            "source_ranges": [
              "0.0.0.0/0"
            ],
            "source_service_accounts": null,
            "source_tags": null,
            "target_service_accounts": null,
            "target_tags": [
              "entrypoint"
            ],
            "timeouts": null
          },
          "sensitive_attributes": [],
          "private": "eyJlMmJmYjczMC1lY2FhLTExZTYtOGY4OC0zNDM2M2JjN2M0YzAiOnsiY3JlYXRlIjoyNDAwMDAwMDAwMDAsImRlbGV0ZSI6MjQwMDAwMDAwMDAwLCJ1cGRhdGUiOjI0MDAwMDAwMDAwMH0sInNjaGVtYV92ZXJzaW9uIjoiMSJ9",
          "dependencies": [
            "google_compute_network.vpc_network"
          ]
        }
      ]
    },
    {
      "mode": "managed",
      "type": "google_compute_firewall",
      "name": "allow_ssh_iap",
      "provider": "provider[\"registry.terraform.io/hashicorp/google\"]",
      "instances": [
        {
          "schema_version": 1,
          "attributes": {
            "allow": [
              {
                "ports": [
                  "22"
                ],
                "protocol": "tcp"
              }
            ],
            "creation_timestamp": "2021-08-13T01:26:07.607-07:00",
            "deny": [],
            "description": "Allow ssh from IAP range",
            "destination_ranges": [],
            "direction": "INGRESS",
            "disabled": false,
            "enable_logging": null,
            "id": "projects/invertible-tree-322409/global/firewalls/allow-ssh-iap",
            "log_config": [],
            "name": "allow-ssh-iap",
            "network": "https://www.googleapis.com/compute/v1/projects/invertible-tree-322409/global/networks/invertible-tree-322409-vpc-network",
            "priority": 1002,
            "project": "invertible-tree-322409",
            "self_link": "https://www.googleapis.com/compute/v1/projects/invertible-tree-322409/global/firewalls/allow-ssh-iap",
            "source_ranges": [
              "35.235.240.0/20"
            ],
            "source_service_accounts": null,
            "source_tags": null,
            "target_service_accounts": null,
            "target_tags": null,
            "timeouts": null
          },
          "sensitive_attributes": [],
          "private": "eyJlMmJmYjczMC1lY2FhLTExZTYtOGY4OC0zNDM2M2JjN2M0YzAiOnsiY3JlYXRlIjoyNDAwMDAwMDAwMDAsImRlbGV0ZSI6MjQwMDAwMDAwMDAwLCJ1cGRhdGUiOjI0MDAwMDAwMDAwMH0sInNjaGVtYV92ZXJzaW9uIjoiMSJ9",
          "dependencies": [
            "google_compute_network.vpc_network"
          ]
        }
      ]
    },
    {
      "mode": "managed",
      "type": "google_compute_instance",
      "name": "entrypoint",
      "provider": "provider[\"registry.terraform.io/hashicorp/google\"]",
      "instances": [
        {
          "schema_version": 6,
          "attributes": {
            "advanced_machine_features": [],
            "allow_stopping_for_update": true,
            "attached_disk": [],
            "boot_disk": [
              {
                "auto_delete": true,
                "device_name": "persistent-disk-0",
                "disk_encryption_key_raw": "",
                "disk_encryption_key_sha256": "",
                "initialize_params": [
                  {
                    "image": "https://www.googleapis.com/compute/v1/projects/debian-cloud/global/images/debian-10-buster-v20210721",
                    "labels": {},
                    "size": 10,
                    "type": "pd-standard"
                  }
                ],
                "kms_key_self_link": "",
                "mode": "READ_WRITE",
                "source": "https://www.googleapis.com/compute/v1/projects/invertible-tree-322409/zones/us-central1-c/disks/entrypoint"
              }
            ],
            "can_ip_forward": false,
            "confidential_instance_config": [],
            "cpu_platform": "Intel Haswell",
            "current_status": "RUNNING",
            "deletion_protection": false,
            "description": "",
            "desired_status": null,
            "enable_display": false,
            "guest_accelerator": [],
            "hostname": "",
            "id": "projects/invertible-tree-322409/zones/us-central1-c/instances/entrypoint",
            "instance_id": "6008936507639566937",
            "label_fingerprint": "42WmSpB8rSM=",
            "labels": null,
            "machine_type": "e2-medium",
            "metadata": null,
            "metadata_fingerprint": "hCTA6Iys710=",
            "metadata_startup_script": "",
            "min_cpu_platform": "",
            "name": "entrypoint",
            "network_interface": [
              {
                "access_config": [
                  {
                    "nat_ip": "34.70.120.229",
                    "network_tier": "PREMIUM",
                    "public_ptr_domain_name": ""
                  }
                ],
                "alias_ip_range": [],
                "name": "nic0",
                "network": "https://www.googleapis.com/compute/v1/projects/invertible-tree-322409/global/networks/invertible-tree-322409-vpc-network",
                "network_ip": "172.16.0.2",
                "nic_type": "",
                "subnetwork": "https://www.googleapis.com/compute/v1/projects/invertible-tree-322409/regions/us-central1/subnetworks/invertible-tree-322409-ansible-network",
                "subnetwork_project": "invertible-tree-322409"
              }
            ],
            "project": "invertible-tree-322409",
            "reservation_affinity": [],
            "resource_policies": null,
            "scheduling": [
              {
                "automatic_restart": true,
                "min_node_cpus": 0,
                "node_affinities": [],
                "on_host_maintenance": "MIGRATE",
                "preemptible": false
              }
            ],
            "scratch_disk": [],
            "self_link": "https://www.googleapis.com/compute/v1/projects/invertible-tree-322409/zones/us-central1-c/instances/entrypoint",
            "service_account": [],
            "shielded_instance_config": [
              {
                "enable_integrity_monitoring": true,
                "enable_secure_boot": false,
                "enable_vtpm": true
              }
            ],
            "tags": [
              "entrypoint"
            ],
            "tags_fingerprint": "4_ztmCi1eQk=",
            "timeouts": null,
            "zone": "us-central1-c"
          },
          "sensitive_attributes": [],
          "private": "eyJlMmJmYjczMC1lY2FhLTExZTYtOGY4OC0zNDM2M2JjN2M0YzAiOnsiY3JlYXRlIjoxMjAwMDAwMDAwMDAwLCJkZWxldGUiOjEyMDAwMDAwMDAwMDAsInVwZGF0ZSI6MTIwMDAwMDAwMDAwMH0sInNjaGVtYV92ZXJzaW9uIjoiNiJ9",
          "dependencies": [
            "google_compute_address.static",
            "google_compute_network.vpc_network",
            "google_compute_subnetwork.ansible_network"
          ]
        }
      ]
    },
    {
      "mode": "managed",
      "type": "google_compute_instance",
      "name": "master",
      "provider": "provider[\"registry.terraform.io/hashicorp/google\"]",
      "instances": [
        {
          "schema_version": 6,
          "attributes": {
            "advanced_machine_features": [],
            "allow_stopping_for_update": null,
            "attached_disk": [],
            "boot_disk": [
              {
                "auto_delete": true,
                "device_name": "persistent-disk-0",
                "disk_encryption_key_raw": "",
                "disk_encryption_key_sha256": "",
                "initialize_params": [
                  {
                    "image": "https://www.googleapis.com/compute/v1/projects/debian-cloud/global/images/debian-10-buster-v20210721",
                    "labels": {},
                    "size": 10,
                    "type": "pd-standard"
                  }
                ],
                "kms_key_self_link": "",
                "mode": "READ_WRITE",
                "source": "https://www.googleapis.com/compute/v1/projects/invertible-tree-322409/zones/us-central1-c/disks/master"
              }
            ],
            "can_ip_forward": false,
            "confidential_instance_config": [],
            "cpu_platform": "Intel Haswell",
            "current_status": "RUNNING",
            "deletion_protection": false,
            "description": "",
            "desired_status": null,
            "enable_display": false,
            "guest_accelerator": [],
            "hostname": "",
            "id": "projects/invertible-tree-322409/zones/us-central1-c/instances/master",
            "instance_id": "7327485295643562541",
            "label_fingerprint": "42WmSpB8rSM=",
            "labels": null,
            "machine_type": "e2-medium",
            "metadata": null,
            "metadata_fingerprint": "Lq3PNCzQoks=",
            "metadata_startup_script": "#!/bin/bash\nsudo echo 'deb http://ppa.launchpad.net/ansible/ansible/ubuntu trusty main' \u003e\u003e /etc/apt/sources.list\nsudo apt-key adv --keyserver keyserver.ubuntu.com --recv-keys 93C4A3FD7BB9C367\nsudo apt update\nsudo apt -y install ansible",
            "min_cpu_platform": "",
            "name": "master",
            "network_interface": [
              {
                "access_config": [],
                "alias_ip_range": [],
                "name": "nic0",
                "network": "https://www.googleapis.com/compute/v1/projects/invertible-tree-322409/global/networks/invertible-tree-322409-vpc-network",
                "network_ip": "172.16.0.10",
                "nic_type": "",
                "subnetwork": "https://www.googleapis.com/compute/v1/projects/invertible-tree-322409/regions/us-central1/subnetworks/invertible-tree-322409-ansible-network",
                "subnetwork_project": "invertible-tree-322409"
              }
            ],
            "project": "invertible-tree-322409",
            "reservation_affinity": [],
            "resource_policies": null,
            "scheduling": [
              {
                "automatic_restart": true,
                "min_node_cpus": 0,
                "node_affinities": [],
                "on_host_maintenance": "MIGRATE",
                "preemptible": false
              }
            ],
            "scratch_disk": [],
            "self_link": "https://www.googleapis.com/compute/v1/projects/invertible-tree-322409/zones/us-central1-c/instances/master",
            "service_account": [],
            "shielded_instance_config": [
              {
                "enable_integrity_monitoring": true,
                "enable_secure_boot": false,
                "enable_vtpm": true
              }
            ],
            "tags": null,
            "tags_fingerprint": "42WmSpB8rSM=",
            "timeouts": null,
            "zone": "us-central1-c"
          },
          "sensitive_attributes": [],
          "private": "eyJlMmJmYjczMC1lY2FhLTExZTYtOGY4OC0zNDM2M2JjN2M0YzAiOnsiY3JlYXRlIjoxMjAwMDAwMDAwMDAwLCJkZWxldGUiOjEyMDAwMDAwMDAwMDAsInVwZGF0ZSI6MTIwMDAwMDAwMDAwMH0sInNjaGVtYV92ZXJzaW9uIjoiNiJ9",
          "dependencies": [
            "google_compute_address.master",
            "google_compute_network.vpc_network",
            "google_compute_subnetwork.ansible_network"
          ]
        }
      ]
    },
    {
      "mode": "managed",
      "type": "google_compute_instance_from_template",
      "name": "worker",
      "provider": "provider[\"registry.terraform.io/hashicorp/google\"]",
      "instances": [
        {
          "index_key": 0,
          "schema_version": 0,
          "attributes": {
            "advanced_machine_features": [],
            "allow_stopping_for_update": null,
            "attached_disk": [
              {
                "device_name": "data-disk",
                "disk_encryption_key_raw": "",
                "disk_encryption_key_sha256": "",
                "kms_key_self_link": "",
                "mode": "READ_WRITE",
                "source": "https://www.googleapis.com/compute/v1/projects/invertible-tree-322409/zones/us-central1-c/disks/worker1-attached-disk"
              }
            ],
            "boot_disk": [
              {
                "auto_delete": true,
                "device_name": "persistent-disk-0",
                "disk_encryption_key_raw": "",
                "disk_encryption_key_sha256": "",
                "initialize_params": [
                  {
                    "image": "https://www.googleapis.com/compute/v1/projects/debian-cloud/global/images/debian-10-buster-v20210721",
                    "labels": {},
                    "size": 10,
                    "type": "pd-standard"
                  }
                ],
                "kms_key_self_link": "",
                "mode": "READ_WRITE",
                "source": "https://www.googleapis.com/compute/v1/projects/invertible-tree-322409/zones/us-central1-c/disks/worker1"
              }
            ],
            "can_ip_forward": false,
            "confidential_instance_config": [],
            "cpu_platform": "Intel Haswell",
            "current_status": "RUNNING",
            "deletion_protection": false,
            "description": "",
            "desired_status": null,
            "enable_display": false,
            "guest_accelerator": [],
            "hostname": "",
            "id": "projects/invertible-tree-322409/zones/us-central1-c/instances/worker1",
            "instance_id": "7741827447887991339",
            "label_fingerprint": "42WmSpB8rSM=",
            "labels": {},
            "machine_type": "e2-medium",
            "metadata": {},
            "metadata_fingerprint": "eByFkHCsw9U=",
            "metadata_startup_script": "#!/bin/bash\n\n# The disk name is coming from Terraform variables\nDISK_NAME=data-disk\n\n# The mount point for the disk\nMOUNT_POINT=/mnt/$DISK_NAME\n\n# Google provides a symlink to persistent disk as '/dev/disk/by-id/google-\u003cdisk_name\u003e'\nDEVICE_NAME=\"/dev/$(basename $(readlink /dev/disk/by-id/google-$DISK_NAME))\"\n\n# Check if the disk already has the filesystem and mounted\n# This block will try to mount the disk to the given mount point in case if it has a filesystem configured but it's not mounted to mount point.\nif df -aT | grep -q \"$DEVICE_NAME\"; then\n    echo \"The disk already has filesystem configured, checking the mount point\"\n    if df -aT | grep \"$DEVICE_NAME\" | awk '{print $(NF)}' | grep -q \"$MOUNT_POINT\"; then\n        echo \"The disk $DEVICE_NAME already mounted to $MOUNT_POINT, exiting\"\n        exit 0\n    else\n        echo \"Looks like the mount point $MOUNT_POINT is not mounted. Trying to mount the disk $DEVICE_NAME to $MOUNT_POINT...\"\n        if [ ! -d \"$MOUNT_POINT\" ]; then\n            sudo mkdir -p $MOUNT_POINT\n        fi\n        sudo mount -o discard,defaults $DEVICE_NAME $MOUNT_POINT\n        if [[ $? -eq 0 ]]; then\n            echo \"Succesfully mounted the disk $DEVICE_NAME to mount point $MOUNT_POINT\"\n            exit 0\n        else\n            echo \"Failed to mount the disk $DEVICE_NAME to mount point $MOUNT_POINT\"\n            exit 1\n        fi\n    fi\nelse\n    # Create a filesystem on the disk and mount it if it doesn't have a filesystem configured.\n    sudo mkfs.ext4 -m 0 -F -E lazy_itable_init=0,lazy_journal_init=0,discard $DEVICE_NAME\n    sudo mkdir -p $MOUNT_POINT\n    sudo mount -o discard,defaults $DEVICE_NAME $MOUNT_POINT\n\n    # Add fstab entry\n    echo UUID=$(sudo blkid -s UUID -o value $DEVICE_NAME) $MOUNT_POINT ext4 discard,defaults,nofail 0 2 | sudo tee -a /etc/fstab\nfi\n",
            "min_cpu_platform": "",
            "name": "worker1",
            "network_interface": [
              {
                "access_config": [],
                "alias_ip_range": [],
                "name": "nic0",
                "network": "https://www.googleapis.com/compute/v1/projects/invertible-tree-322409/global/networks/invertible-tree-322409-vpc-network",
                "network_ip": "172.16.0.5",
                "nic_type": "",
                "subnetwork": "https://www.googleapis.com/compute/v1/projects/invertible-tree-322409/regions/us-central1/subnetworks/invertible-tree-322409-ansible-network",
                "subnetwork_project": "invertible-tree-322409"
              }
            ],
            "project": "invertible-tree-322409",
            "reservation_affinity": [],
            "resource_policies": [],
            "scheduling": [
              {
                "automatic_restart": true,
                "min_node_cpus": 0,
                "node_affinities": [],
                "on_host_maintenance": "MIGRATE",
                "preemptible": false
              }
            ],
            "scratch_disk": [],
            "self_link": "https://www.googleapis.com/compute/v1/projects/invertible-tree-322409/zones/us-central1-c/instances/worker1",
            "service_account": [],
            "shielded_instance_config": [
              {
                "enable_integrity_monitoring": true,
                "enable_secure_boot": false,
                "enable_vtpm": true
              }
            ],
            "source_instance_template": "projects/invertible-tree-322409/global/instanceTemplates/workers-template",
            "tags": [],
            "tags_fingerprint": "42WmSpB8rSM=",
            "timeouts": null,
            "zone": "us-central1-c"
          },
          "sensitive_attributes": [],
          "private": "eyJlMmJmYjczMC1lY2FhLTExZTYtOGY4OC0zNDM2M2JjN2M0YzAiOnsiY3JlYXRlIjoxMjAwMDAwMDAwMDAwLCJkZWxldGUiOjEyMDAwMDAwMDAwMDAsInVwZGF0ZSI6MTIwMDAwMDAwMDAwMH19",
          "dependencies": [
            "data.template_file.additional_disk",
            "google_compute_disk.worker",
            "google_compute_instance_template.workers_template",
            "google_compute_network.vpc_network",
            "google_compute_subnetwork.ansible_network"
          ]
        },
        {
          "index_key": 1,
          "schema_version": 0,
          "attributes": {
            "advanced_machine_features": [],
            "allow_stopping_for_update": null,
            "attached_disk": [
              {
                "device_name": "data-disk",
                "disk_encryption_key_raw": "",
                "disk_encryption_key_sha256": "",
                "kms_key_self_link": "",
                "mode": "READ_WRITE",
                "source": "https://www.googleapis.com/compute/v1/projects/invertible-tree-322409/zones/us-central1-c/disks/worker2-attached-disk"
              }
            ],
            "boot_disk": [
              {
                "auto_delete": true,
                "device_name": "persistent-disk-0",
                "disk_encryption_key_raw": "",
                "disk_encryption_key_sha256": "",
                "initialize_params": [
                  {
                    "image": "https://www.googleapis.com/compute/v1/projects/debian-cloud/global/images/debian-10-buster-v20210721",
                    "labels": {},
                    "size": 10,
                    "type": "pd-standard"
                  }
                ],
                "kms_key_self_link": "",
                "mode": "READ_WRITE",
                "source": "https://www.googleapis.com/compute/v1/projects/invertible-tree-322409/zones/us-central1-c/disks/worker2"
              }
            ],
            "can_ip_forward": false,
            "confidential_instance_config": [],
            "cpu_platform": "Intel Haswell",
            "current_status": "RUNNING",
            "deletion_protection": false,
            "description": "",
            "desired_status": null,
            "enable_display": false,
            "guest_accelerator": [],
            "hostname": "",
            "id": "projects/invertible-tree-322409/zones/us-central1-c/instances/worker2",
            "instance_id": "4627146503750390316",
            "label_fingerprint": "42WmSpB8rSM=",
            "labels": {},
            "machine_type": "e2-medium",
            "metadata": {},
            "metadata_fingerprint": "eByFkHCsw9U=",
            "metadata_startup_script": "#!/bin/bash\n\n# The disk name is coming from Terraform variables\nDISK_NAME=data-disk\n\n# The mount point for the disk\nMOUNT_POINT=/mnt/$DISK_NAME\n\n# Google provides a symlink to persistent disk as '/dev/disk/by-id/google-\u003cdisk_name\u003e'\nDEVICE_NAME=\"/dev/$(basename $(readlink /dev/disk/by-id/google-$DISK_NAME))\"\n\n# Check if the disk already has the filesystem and mounted\n# This block will try to mount the disk to the given mount point in case if it has a filesystem configured but it's not mounted to mount point.\nif df -aT | grep -q \"$DEVICE_NAME\"; then\n    echo \"The disk already has filesystem configured, checking the mount point\"\n    if df -aT | grep \"$DEVICE_NAME\" | awk '{print $(NF)}' | grep -q \"$MOUNT_POINT\"; then\n        echo \"The disk $DEVICE_NAME already mounted to $MOUNT_POINT, exiting\"\n        exit 0\n    else\n        echo \"Looks like the mount point $MOUNT_POINT is not mounted. Trying to mount the disk $DEVICE_NAME to $MOUNT_POINT...\"\n        if [ ! -d \"$MOUNT_POINT\" ]; then\n            sudo mkdir -p $MOUNT_POINT\n        fi\n        sudo mount -o discard,defaults $DEVICE_NAME $MOUNT_POINT\n        if [[ $? -eq 0 ]]; then\n            echo \"Succesfully mounted the disk $DEVICE_NAME to mount point $MOUNT_POINT\"\n            exit 0\n        else\n            echo \"Failed to mount the disk $DEVICE_NAME to mount point $MOUNT_POINT\"\n            exit 1\n        fi\n    fi\nelse\n    # Create a filesystem on the disk and mount it if it doesn't have a filesystem configured.\n    sudo mkfs.ext4 -m 0 -F -E lazy_itable_init=0,lazy_journal_init=0,discard $DEVICE_NAME\n    sudo mkdir -p $MOUNT_POINT\n    sudo mount -o discard,defaults $DEVICE_NAME $MOUNT_POINT\n\n    # Add fstab entry\n    echo UUID=$(sudo blkid -s UUID -o value $DEVICE_NAME) $MOUNT_POINT ext4 discard,defaults,nofail 0 2 | sudo tee -a /etc/fstab\nfi\n",
            "min_cpu_platform": "",
            "name": "worker2",
            "network_interface": [
              {
                "access_config": [],
                "alias_ip_range": [],
                "name": "nic0",
                "network": "https://www.googleapis.com/compute/v1/projects/invertible-tree-322409/global/networks/invertible-tree-322409-vpc-network",
                "network_ip": "172.16.0.3",
                "nic_type": "",
                "subnetwork": "https://www.googleapis.com/compute/v1/projects/invertible-tree-322409/regions/us-central1/subnetworks/invertible-tree-322409-ansible-network",
                "subnetwork_project": "invertible-tree-322409"
              }
            ],
            "project": "invertible-tree-322409",
            "reservation_affinity": [],
            "resource_policies": [],
            "scheduling": [
              {
                "automatic_restart": true,
                "min_node_cpus": 0,
                "node_affinities": [],
                "on_host_maintenance": "MIGRATE",
                "preemptible": false
              }
            ],
            "scratch_disk": [],
            "self_link": "https://www.googleapis.com/compute/v1/projects/invertible-tree-322409/zones/us-central1-c/instances/worker2",
            "service_account": [],
            "shielded_instance_config": [
              {
                "enable_integrity_monitoring": true,
                "enable_secure_boot": false,
                "enable_vtpm": true
              }
            ],
            "source_instance_template": "projects/invertible-tree-322409/global/instanceTemplates/workers-template",
            "tags": [],
            "tags_fingerprint": "42WmSpB8rSM=",
            "timeouts": null,
            "zone": "us-central1-c"
          },
          "sensitive_attributes": [],
          "private": "eyJlMmJmYjczMC1lY2FhLTExZTYtOGY4OC0zNDM2M2JjN2M0YzAiOnsiY3JlYXRlIjoxMjAwMDAwMDAwMDAwLCJkZWxldGUiOjEyMDAwMDAwMDAwMDAsInVwZGF0ZSI6MTIwMDAwMDAwMDAwMH19",
          "dependencies": [
            "data.template_file.additional_disk",
            "google_compute_disk.worker",
            "google_compute_instance_template.workers_template",
            "google_compute_network.vpc_network",
            "google_compute_subnetwork.ansible_network"
          ]
        },
        {
          "index_key": 2,
          "schema_version": 0,
          "attributes": {
            "advanced_machine_features": [],
            "allow_stopping_for_update": null,
            "attached_disk": [
              {
                "device_name": "data-disk",
                "disk_encryption_key_raw": "",
                "disk_encryption_key_sha256": "",
                "kms_key_self_link": "",
                "mode": "READ_WRITE",
                "source": "https://www.googleapis.com/compute/v1/projects/invertible-tree-322409/zones/us-central1-c/disks/worker3-attached-disk"
              }
            ],
            "boot_disk": [
              {
                "auto_delete": true,
                "device_name": "persistent-disk-0",
                "disk_encryption_key_raw": "",
                "disk_encryption_key_sha256": "",
                "initialize_params": [
                  {
                    "image": "https://www.googleapis.com/compute/v1/projects/debian-cloud/global/images/debian-10-buster-v20210721",
                    "labels": {},
                    "size": 10,
                    "type": "pd-standard"
                  }
                ],
                "kms_key_self_link": "",
                "mode": "READ_WRITE",
                "source": "https://www.googleapis.com/compute/v1/projects/invertible-tree-322409/zones/us-central1-c/disks/worker3"
              }
            ],
            "can_ip_forward": false,
            "confidential_instance_config": [],
            "cpu_platform": "Intel Haswell",
            "current_status": "RUNNING",
            "deletion_protection": false,
            "description": "",
            "desired_status": null,
            "enable_display": false,
            "guest_accelerator": [],
            "hostname": "",
            "id": "projects/invertible-tree-322409/zones/us-central1-c/instances/worker3",
            "instance_id": "3412271277014749739",
            "label_fingerprint": "42WmSpB8rSM=",
            "labels": {},
            "machine_type": "e2-medium",
            "metadata": {},
            "metadata_fingerprint": "eByFkHCsw9U=",
            "metadata_startup_script": "#!/bin/bash\n\n# The disk name is coming from Terraform variables\nDISK_NAME=data-disk\n\n# The mount point for the disk\nMOUNT_POINT=/mnt/$DISK_NAME\n\n# Google provides a symlink to persistent disk as '/dev/disk/by-id/google-\u003cdisk_name\u003e'\nDEVICE_NAME=\"/dev/$(basename $(readlink /dev/disk/by-id/google-$DISK_NAME))\"\n\n# Check if the disk already has the filesystem and mounted\n# This block will try to mount the disk to the given mount point in case if it has a filesystem configured but it's not mounted to mount point.\nif df -aT | grep -q \"$DEVICE_NAME\"; then\n    echo \"The disk already has filesystem configured, checking the mount point\"\n    if df -aT | grep \"$DEVICE_NAME\" | awk '{print $(NF)}' | grep -q \"$MOUNT_POINT\"; then\n        echo \"The disk $DEVICE_NAME already mounted to $MOUNT_POINT, exiting\"\n        exit 0\n    else\n        echo \"Looks like the mount point $MOUNT_POINT is not mounted. Trying to mount the disk $DEVICE_NAME to $MOUNT_POINT...\"\n        if [ ! -d \"$MOUNT_POINT\" ]; then\n            sudo mkdir -p $MOUNT_POINT\n        fi\n        sudo mount -o discard,defaults $DEVICE_NAME $MOUNT_POINT\n        if [[ $? -eq 0 ]]; then\n            echo \"Succesfully mounted the disk $DEVICE_NAME to mount point $MOUNT_POINT\"\n            exit 0\n        else\n            echo \"Failed to mount the disk $DEVICE_NAME to mount point $MOUNT_POINT\"\n            exit 1\n        fi\n    fi\nelse\n    # Create a filesystem on the disk and mount it if it doesn't have a filesystem configured.\n    sudo mkfs.ext4 -m 0 -F -E lazy_itable_init=0,lazy_journal_init=0,discard $DEVICE_NAME\n    sudo mkdir -p $MOUNT_POINT\n    sudo mount -o discard,defaults $DEVICE_NAME $MOUNT_POINT\n\n    # Add fstab entry\n    echo UUID=$(sudo blkid -s UUID -o value $DEVICE_NAME) $MOUNT_POINT ext4 discard,defaults,nofail 0 2 | sudo tee -a /etc/fstab\nfi\n",
            "min_cpu_platform": "",
            "name": "worker3",
            "network_interface": [
              {
                "access_config": [],
                "alias_ip_range": [],
                "name": "nic0",
                "network": "https://www.googleapis.com/compute/v1/projects/invertible-tree-322409/global/networks/invertible-tree-322409-vpc-network",
                "network_ip": "172.16.0.4",
                "nic_type": "",
                "subnetwork": "https://www.googleapis.com/compute/v1/projects/invertible-tree-322409/regions/us-central1/subnetworks/invertible-tree-322409-ansible-network",
                "subnetwork_project": "invertible-tree-322409"
              }
            ],
            "project": "invertible-tree-322409",
            "reservation_affinity": [],
            "resource_policies": [],
            "scheduling": [
              {
                "automatic_restart": true,
                "min_node_cpus": 0,
                "node_affinities": [],
                "on_host_maintenance": "MIGRATE",
                "preemptible": false
              }
            ],
            "scratch_disk": [],
            "self_link": "https://www.googleapis.com/compute/v1/projects/invertible-tree-322409/zones/us-central1-c/instances/worker3",
            "service_account": [],
            "shielded_instance_config": [
              {
                "enable_integrity_monitoring": true,
                "enable_secure_boot": false,
                "enable_vtpm": true
              }
            ],
            "source_instance_template": "projects/invertible-tree-322409/global/instanceTemplates/workers-template",
            "tags": [],
            "tags_fingerprint": "42WmSpB8rSM=",
            "timeouts": null,
            "zone": "us-central1-c"
          },
          "sensitive_attributes": [],
          "private": "eyJlMmJmYjczMC1lY2FhLTExZTYtOGY4OC0zNDM2M2JjN2M0YzAiOnsiY3JlYXRlIjoxMjAwMDAwMDAwMDAwLCJkZWxldGUiOjEyMDAwMDAwMDAwMDAsInVwZGF0ZSI6MTIwMDAwMDAwMDAwMH19",
          "dependencies": [
            "data.template_file.additional_disk",
            "google_compute_disk.worker",
            "google_compute_instance_template.workers_template",
            "google_compute_network.vpc_network",
            "google_compute_subnetwork.ansible_network"
          ]
        }
      ]
    },
    {
      "mode": "managed",
      "type": "google_compute_instance_template",
      "name": "workers_template",
      "provider": "provider[\"registry.terraform.io/hashicorp/google\"]",
      "instances": [
        {
          "schema_version": 1,
          "attributes": {
            "advanced_machine_features": null,
            "can_ip_forward": false,
            "confidential_instance_config": null,
            "description": "",
            "disk": [
              {
                "auto_delete": true,
                "boot": true,
                "device_name": "persistent-disk-0",
                "disk_encryption_key": [],
                "disk_name": "",
                "disk_size_gb": 0,
                "disk_type": "pd-standard",
                "interface": "SCSI",
                "labels": null,
                "mode": "READ_WRITE",
                "resource_policies": null,
                "source": "",
                "source_image": "projects/debian-cloud/global/images/family/debian-10",
                "type": "PERSISTENT"
              }
            ],
            "enable_display": null,
            "guest_accelerator": [],
            "id": "projects/invertible-tree-322409/global/instanceTemplates/workers-template",
            "instance_description": "",
            "labels": null,
            "machine_type": "e2-medium",
            "metadata": null,
            "metadata_fingerprint": "eByFkHCsw9U=",
            "metadata_startup_script": "#!/bin/bash\n\n# The disk name is coming from Terraform variables\nDISK_NAME=data-disk\n\n# The mount point for the disk\nMOUNT_POINT=/mnt/$DISK_NAME\n\n# Google provides a symlink to persistent disk as '/dev/disk/by-id/google-\u003cdisk_name\u003e'\nDEVICE_NAME=\"/dev/$(basename $(readlink /dev/disk/by-id/google-$DISK_NAME))\"\n\n# Check if the disk already has the filesystem and mounted\n# This block will try to mount the disk to the given mount point in case if it has a filesystem configured but it's not mounted to mount point.\nif df -aT | grep -q \"$DEVICE_NAME\"; then\n    echo \"The disk already has filesystem configured, checking the mount point\"\n    if df -aT | grep \"$DEVICE_NAME\" | awk '{print $(NF)}' | grep -q \"$MOUNT_POINT\"; then\n        echo \"The disk $DEVICE_NAME already mounted to $MOUNT_POINT, exiting\"\n        exit 0\n    else\n        echo \"Looks like the mount point $MOUNT_POINT is not mounted. Trying to mount the disk $DEVICE_NAME to $MOUNT_POINT...\"\n        if [ ! -d \"$MOUNT_POINT\" ]; then\n            sudo mkdir -p $MOUNT_POINT\n        fi\n        sudo mount -o discard,defaults $DEVICE_NAME $MOUNT_POINT\n        if [[ $? -eq 0 ]]; then\n            echo \"Succesfully mounted the disk $DEVICE_NAME to mount point $MOUNT_POINT\"\n            exit 0\n        else\n            echo \"Failed to mount the disk $DEVICE_NAME to mount point $MOUNT_POINT\"\n            exit 1\n        fi\n    fi\nelse\n    # Create a filesystem on the disk and mount it if it doesn't have a filesystem configured.\n    sudo mkfs.ext4 -m 0 -F -E lazy_itable_init=0,lazy_journal_init=0,discard $DEVICE_NAME\n    sudo mkdir -p $MOUNT_POINT\n    sudo mount -o discard,defaults $DEVICE_NAME $MOUNT_POINT\n\n    # Add fstab entry\n    echo UUID=$(sudo blkid -s UUID -o value $DEVICE_NAME) $MOUNT_POINT ext4 discard,defaults,nofail 0 2 | sudo tee -a /etc/fstab\nfi\n",
            "min_cpu_platform": "",
            "name": "workers-template",
            "name_prefix": null,
            "network_interface": [
              {
                "access_config": [],
                "alias_ip_range": [],
                "name": "nic0",
                "network": "https://www.googleapis.com/compute/v1/projects/invertible-tree-322409/global/networks/invertible-tree-322409-vpc-network",
                "network_ip": "",
                "nic_type": "",
                "subnetwork": "https://www.googleapis.com/compute/v1/projects/invertible-tree-322409/regions/us-central1/subnetworks/invertible-tree-322409-ansible-network",
                "subnetwork_project": "invertible-tree-322409"
              }
            ],
            "project": "invertible-tree-322409",
            "region": "us-central1",
            "reservation_affinity": [],
            "scheduling": [
              {
                "automatic_restart": true,
                "min_node_cpus": 0,
                "node_affinities": [],
                "on_host_maintenance": "MIGRATE",
                "preemptible": false
              }
            ],
            "self_link": "https://www.googleapis.com/compute/beta/projects/invertible-tree-322409/global/instanceTemplates/workers-template",
            "service_account": [],
            "shielded_instance_config": [],
            "tags": null,
            "tags_fingerprint": "",
            "timeouts": null
          },
          "sensitive_attributes": [],
          "private": "eyJlMmJmYjczMC1lY2FhLTExZTYtOGY4OC0zNDM2M2JjN2M0YzAiOnsiY3JlYXRlIjoyNDAwMDAwMDAwMDAsImRlbGV0ZSI6MjQwMDAwMDAwMDAwfSwic2NoZW1hX3ZlcnNpb24iOiIxIn0=",
          "dependencies": [
            "data.template_file.additional_disk",
            "google_compute_network.vpc_network",
            "google_compute_subnetwork.ansible_network"
          ]
        }
      ]
    },
    {
      "mode": "managed",
      "type": "google_compute_network",
      "name": "vpc_network",
      "provider": "provider[\"registry.terraform.io/hashicorp/google\"]",
      "instances": [
        {
          "schema_version": 0,
          "attributes": {
            "auto_create_subnetworks": false,
            "delete_default_routes_on_create": false,
            "description": "",
            "gateway_ipv4": "",
            "id": "projects/invertible-tree-322409/global/networks/invertible-tree-322409-vpc-network",
            "mtu": 0,
            "name": "invertible-tree-322409-vpc-network",
            "project": "invertible-tree-322409",
            "routing_mode": "REGIONAL",
            "self_link": "https://www.googleapis.com/compute/v1/projects/invertible-tree-322409/global/networks/invertible-tree-322409-vpc-network",
            "timeouts": null
          },
          "sensitive_attributes": [],
          "private": "eyJlMmJmYjczMC1lY2FhLTExZTYtOGY4OC0zNDM2M2JjN2M0YzAiOnsiY3JlYXRlIjoyNDAwMDAwMDAwMDAsImRlbGV0ZSI6MjQwMDAwMDAwMDAwLCJ1cGRhdGUiOjI0MDAwMDAwMDAwMH19"
        }
      ]
    },
    {
      "mode": "managed",
      "type": "google_compute_router",
      "name": "router",
      "provider": "provider[\"registry.terraform.io/hashicorp/google\"]",
      "instances": [
        {
          "schema_version": 0,
          "attributes": {
            "bgp": [],
            "creation_timestamp": "2021-08-13T01:26:30.134-07:00",
            "description": "",
            "id": "projects/invertible-tree-322409/regions/us-central1/routers/invertible-tree-322409-ansible-network-router",
            "name": "invertible-tree-322409-ansible-network-router",
            "network": "https://www.googleapis.com/compute/v1/projects/invertible-tree-322409/global/networks/invertible-tree-322409-vpc-network",
            "project": "invertible-tree-322409",
            "region": "us-central1",
            "self_link": "https://www.googleapis.com/compute/v1/projects/invertible-tree-322409/regions/us-central1/routers/invertible-tree-322409-ansible-network-router",
            "timeouts": null
          },
          "sensitive_attributes": [],
          "private": "eyJlMmJmYjczMC1lY2FhLTExZTYtOGY4OC0zNDM2M2JjN2M0YzAiOnsiY3JlYXRlIjoyNDAwMDAwMDAwMDAsImRlbGV0ZSI6MjQwMDAwMDAwMDAwLCJ1cGRhdGUiOjI0MDAwMDAwMDAwMH19",
          "dependencies": [
            "google_compute_network.vpc_network",
            "google_compute_subnetwork.ansible_network"
          ]
        }
      ]
    },
    {
      "mode": "managed",
      "type": "google_compute_router_nat",
      "name": "nat",
      "provider": "provider[\"registry.terraform.io/hashicorp/google\"]",
      "instances": [
        {
          "schema_version": 0,
          "attributes": {
            "drain_nat_ips": null,
            "enable_endpoint_independent_mapping": true,
            "icmp_idle_timeout_sec": 30,
            "id": "invertible-tree-322409/us-central1/invertible-tree-322409-ansible-network-router/invertible-tree-322409-ansible-network-router-nat",
            "log_config": [
              {
                "enable": true,
                "filter": "ERRORS_ONLY"
              }
            ],
            "min_ports_per_vm": 0,
            "name": "invertible-tree-322409-ansible-network-router-nat",
            "nat_ip_allocate_option": "AUTO_ONLY",
            "nat_ips": null,
            "project": "invertible-tree-322409",
            "region": "us-central1",
            "router": "invertible-tree-322409-ansible-network-router",
            "source_subnetwork_ip_ranges_to_nat": "ALL_SUBNETWORKS_ALL_IP_RANGES",
            "subnetwork": [],
            "tcp_established_idle_timeout_sec": 1200,
            "tcp_transitory_idle_timeout_sec": 30,
            "timeouts": null,
            "udp_idle_timeout_sec": 30
          },
          "sensitive_attributes": [],
          "private": "eyJlMmJmYjczMC1lY2FhLTExZTYtOGY4OC0zNDM2M2JjN2M0YzAiOnsiY3JlYXRlIjo2MDAwMDAwMDAwMDAsImRlbGV0ZSI6NjAwMDAwMDAwMDAwLCJ1cGRhdGUiOjYwMDAwMDAwMDAwMH19",
          "dependencies": [
            "google_compute_network.vpc_network",
            "google_compute_router.router",
            "google_compute_subnetwork.ansible_network"
          ]
        }
      ]
    },
    {
      "mode": "managed",
      "type": "google_compute_subnetwork",
      "name": "ansible_network",
      "provider": "provider[\"registry.terraform.io/hashicorp/google\"]",
      "instances": [
        {
          "schema_version": 0,
          "attributes": {
            "creation_timestamp": "2021-08-13T01:26:07.933-07:00",
            "description": "",
            "fingerprint": null,
            "gateway_address": "172.16.0.1",
            "id": "projects/invertible-tree-322409/regions/us-central1/subnetworks/invertible-tree-322409-ansible-network",
            "ip_cidr_range": "172.16.0.0/28",
            "log_config": [],
            "name": "invertible-tree-322409-ansible-network",
            "network": "https://www.googleapis.com/compute/v1/projects/invertible-tree-322409/global/networks/invertible-tree-322409-vpc-network",
            "private_ip_google_access": false,
            "private_ipv6_google_access": "DISABLE_GOOGLE_ACCESS",
            "project": "invertible-tree-322409",
            "region": "us-central1",
            "secondary_ip_range": [],
            "self_link": "https://www.googleapis.com/compute/v1/projects/invertible-tree-322409/regions/us-central1/subnetworks/invertible-tree-322409-ansible-network",
            "timeouts": null
          },
          "sensitive_attributes": [],
          "private": "eyJlMmJmYjczMC1lY2FhLTExZTYtOGY4OC0zNDM2M2JjN2M0YzAiOnsiY3JlYXRlIjozNjAwMDAwMDAwMDAsImRlbGV0ZSI6MzYwMDAwMDAwMDAwLCJ1cGRhdGUiOjM2MDAwMDAwMDAwMH19",
          "dependencies": [
            "google_compute_network.vpc_network"
          ]
        }
      ]
    }
  ]
}
